
Microsoft Visual Studio Solution File, Format Version 12.00
# Visual Studio 15
VisualStudioVersion = 15.0.27703.2018
MinimumVisualStudioVersion = 10.0.40219.1
Project("{FAE04EC0-301F-11D3-BF4B-00C04F79EFBC}") = "MoneyMap", "MoneyMap\MoneyMap.csproj", "{88EA702F-AFFE-4ED4-BBF2-6619F637BDF4}"
EndProject
Global
	GlobalSection(SolutionConfigurationPlatforms) = preSolution
		Debug|Any CPU = Debug|Any CPU
		Release|Any CPU = Release|Any CPU
	EndGlobalSection
	GlobalSection(ProjectConfigurationPlatforms) = postSolution
		{88EA702F-AFFE-4ED4-BBF2-6619F637BDF4}.Debug|Any CPU.ActiveCfg = Debug|Any CPU
		{88EA702F-AFFE-4ED4-BBF2-6619F637BDF4}.Debug|Any CPU.Build.0 = Debug|Any CPU
		{88EA702F-AFFE-4ED4-BBF2-6619F637BDF4}.Release|Any CPU.ActiveCfg = Release|Any CPU
		{88EA702F-AFFE-4ED4-BBF2-6619F637BDF4}.Release|Any CPU.Build.0 = Release|Any CPU
	EndGlobalSection
	GlobalSection(SolutionProperties) = preSolution
		HideSolutionNode = FALSE
	EndGlobalSection
	GlobalSection(ExtensibilityGlobals) = postSolution
		SolutionGuid = {59C02A35-BBDB-4F72-938D-DA5475CF1A4A}
	EndGlobalSection
EndGlobal
